
Microsoft Visual Studio Solution File, Format Version 12.00
# Visual Studio Version 17
VisualStudioVersion = 17.5.33424.131
MinimumVisualStudioVersion = 10.0.40219.1
Project("{9A19103F-16F7-4668-BE54-9A1E7A4F7556}") = "project_web", "project_web.csproj", "{8016D838-6CAF-418B-A96C-5606E2F52C97}"
EndProject
Project("{FAE04EC0-301F-11D3-BF4B-00C04F79EFBC}") = "SpecialTicket.Models", "..\SpecialTicket.Models\SpecialTicket.Models.csproj", "{7B2EEFE6-3607-4650-A56F-BCE3213BF8BE}"
EndProject
Project("{FAE04EC0-301F-11D3-BF4B-00C04F79EFBC}") = "SpecialTicket.DAL", "..\SpecialTicket.DAL\SpecialTicket.DAL.csproj", "{42010F37-4287-4752-9E12-41508B09685D}"
EndProject
Project("{FAE04EC0-301F-11D3-BF4B-00C04F79EFBC}") = "SpecialTicket.BLL", "..\SpecialTicket.BLL\SpecialTicket.BLL.csproj", "{05D034A0-108D-46A9-96EA-1E93F226DD8F}"
EndProject
Global
	GlobalSection(SolutionConfigurationPlatforms) = preSolution
		Debug|Any CPU = Debug|Any CPU
		Release|Any CPU = Release|Any CPU
	EndGlobalSection
	GlobalSection(ProjectConfigurationPlatforms) = postSolution
		{8016D838-6CAF-418B-A96C-5606E2F52C97}.Debug|Any CPU.ActiveCfg = Debug|Any CPU
		{8016D838-6CAF-418B-A96C-5606E2F52C97}.Debug|Any CPU.Build.0 = Debug|Any CPU
		{8016D838-6CAF-418B-A96C-5606E2F52C97}.Release|Any CPU.ActiveCfg = Release|Any CPU
		{8016D838-6CAF-418B-A96C-5606E2F52C97}.Release|Any CPU.Build.0 = Release|Any CPU
		{7B2EEFE6-3607-4650-A56F-BCE3213BF8BE}.Debug|Any CPU.ActiveCfg = Debug|Any CPU
		{7B2EEFE6-3607-4650-A56F-BCE3213BF8BE}.Debug|Any CPU.Build.0 = Debug|Any CPU
		{7B2EEFE6-3607-4650-A56F-BCE3213BF8BE}.Release|Any CPU.ActiveCfg = Release|Any CPU
		{7B2EEFE6-3607-4650-A56F-BCE3213BF8BE}.Release|Any CPU.Build.0 = Release|Any CPU
		{42010F37-4287-4752-9E12-41508B09685D}.Debug|Any CPU.ActiveCfg = Debug|Any CPU
		{42010F37-4287-4752-9E12-41508B09685D}.Debug|Any CPU.Build.0 = Debug|Any CPU
		{42010F37-4287-4752-9E12-41508B09685D}.Release|Any CPU.ActiveCfg = Release|Any CPU
		{42010F37-4287-4752-9E12-41508B09685D}.Release|Any CPU.Build.0 = Release|Any CPU
		{05D034A0-108D-46A9-96EA-1E93F226DD8F}.Debug|Any CPU.ActiveCfg = Debug|Any CPU
		{05D034A0-108D-46A9-96EA-1E93F226DD8F}.Debug|Any CPU.Build.0 = Debug|Any CPU
		{05D034A0-108D-46A9-96EA-1E93F226DD8F}.Release|Any CPU.ActiveCfg = Release|Any CPU
		{05D034A0-108D-46A9-96EA-1E93F226DD8F}.Release|Any CPU.Build.0 = Release|Any CPU
	EndGlobalSection
	GlobalSection(SolutionProperties) = preSolution
		HideSolutionNode = FALSE
	EndGlobalSection
	GlobalSection(ExtensibilityGlobals) = postSolution
		SolutionGuid = {FB2F9681-A11F-451B-BF16-D85CB1BBA674}
	EndGlobalSection
EndGlobal
